// !$*UTF8*$!
{
	archiveVersion = 1;
	classes = {
	};
	objectVersion = 50;
	objects = {

/* Begin PBXBuildFile section */
		8F28F964264B73E80095CD5B /* AppDelegate.swift in Sources */ = {isa = PBXBuildFile; fileRef = 8F28F963264B73E80095CD5B /* AppDelegate.swift */; };
		8F28F966264B73E80095CD5B /* SceneDelegate.swift in Sources */ = {isa = PBXBuildFile; fileRef = 8F28F965264B73E80095CD5B /* SceneDelegate.swift */; };
		8F28F968264B73E80095CD5B /* ViewController.swift in Sources */ = {isa = PBXBuildFile; fileRef = 8F28F967264B73E80095CD5B /* ViewController.swift */; };
		8F28F96B264B73E80095CD5B /* Main.storyboard in Resources */ = {isa = PBXBuildFile; fileRef = 8F28F969264B73E80095CD5B /* Main.storyboard */; };
		8F28F96D264B73EB0095CD5B /* Assets.xcassets in Resources */ = {isa = PBXBuildFile; fileRef = 8F28F96C264B73EB0095CD5B /* Assets.xcassets */; };
		8F28F970264B73EB0095CD5B /* LaunchScreen.storyboard in Resources */ = {isa = PBXBuildFile; fileRef = 8F28F96E264B73EB0095CD5B /* LaunchScreen.storyboard */; };
		8F28F979264B77DC0095CD5B /* RangeSlider.swift in Sources */ = {isa = PBXBuildFile; fileRef = 8F28F978264B77DC0095CD5B /* RangeSlider.swift */; };
		8F28F97C264B877F0095CD5B /* RangeSliderTrackLayer.swift in Sources */ = {isa = PBXBuildFile; fileRef = 8F28F97B264B877F0095CD5B /* RangeSliderTrackLayer.swift */; };
/* End PBXBuildFile section */

/* Begin PBXFileReference section */
		8F28F960264B73E80095CD5B /* testCostSelectorController.app */ = {isa = PBXFileReference; explicitFileType = wrapper.application; includeInIndex = 0; path = testCostSelectorController.app; sourceTree = BUILT_PRODUCTS_DIR; };
		8F28F963264B73E80095CD5B /* AppDelegate.swift */ = {isa = PBXFileReference; lastKnownFileType = sourcecode.swift; path = AppDelegate.swift; sourceTree = "<group>"; };
		8F28F965264B73E80095CD5B /* SceneDelegate.swift */ = {isa = PBXFileReference; lastKnownFileType = sourcecode.swift; path = SceneDelegate.swift; sourceTree = "<group>"; };
		8F28F967264B73E80095CD5B /* ViewController.swift */ = {isa = PBXFileReference; lastKnownFileType = sourcecode.swift; path = ViewController.swift; sourceTree = "<group>"; };
		8F28F96A264B73E80095CD5B /* Base */ = {isa = PBXFileReference; lastKnownFileType = file.storyboard; name = Base; path = Base.lproj/Main.storyboard; sourceTree = "<group>"; };
		8F28F96C264B73EB0095CD5B /* Assets.xcassets */ = {isa = PBXFileReference; lastKnownFileType = folder.assetcatalog; path = Assets.xcassets; sourceTree = "<group>"; };
		8F28F96F264B73EB0095CD5B /* Base */ = {isa = PBXFileReference; lastKnownFileType = file.storyboard; name = Base; path = Base.lproj/LaunchScreen.storyboard; sourceTree = "<group>"; };
		8F28F971264B73EB0095CD5B /* Info.plist */ = {isa = PBXFileReference; lastKnownFileType = text.plist.xml; path = Info.plist; sourceTree = "<group>"; };
		8F28F978264B77DC0095CD5B /* RangeSlider.swift */ = {isa = PBXFileReference; lastKnownFileType = sourcecode.swift; path = RangeSlider.swift; sourceTree = "<group>"; };
		8F28F97B264B877F0095CD5B /* RangeSliderTrackLayer.swift */ = {isa = PBXFileReference; lastKnownFileType = sourcecode.swift; path = RangeSliderTrackLayer.swift; sourceTree = "<group>"; };
/* End PBXFileReference section */

/* Begin PBXFrameworksBuildPhase section */
		8F28F95D264B73E80095CD5B /* Frameworks */ = {
			isa = PBXFrameworksBuildPhase;
			buildActionMask = 2147483647;
			files = (
			);
			runOnlyForDeploymentPostprocessing = 0;
		};
/* End PBXFrameworksBuildPhase section */

/* Begin PBXGroup section */
		8F28F957264B73E80095CD5B = {
			isa = PBXGroup;
			children = (
				8F28F962264B73E80095CD5B /* testCostSelectorController */,
				8F28F961264B73E80095CD5B /* Products */,
			);
			sourceTree = "<group>";
		};
		8F28F961264B73E80095CD5B /* Products */ = {
			isa = PBXGroup;
			children = (
				8F28F960264B73E80095CD5B /* testCostSelectorController.app */,
			);
			name = Products;
			sourceTree = "<group>";
		};
		8F28F962264B73E80095CD5B /* testCostSelectorController */ = {
			isa = PBXGroup;
			children = (
				8F28F963264B73E80095CD5B /* AppDelegate.swift */,
				8F28F965264B73E80095CD5B /* SceneDelegate.swift */,
				8F28F967264B73E80095CD5B /* ViewController.swift */,
				8F28F97B264B877F0095CD5B /* RangeSliderTrackLayer.swift */,
				8F28F978264B77DC0095CD5B /* RangeSlider.swift */,
				8F28F969264B73E80095CD5B /* Main.storyboard */,
				8F28F96C264B73EB0095CD5B /* Assets.xcassets */,
				8F28F96E264B73EB0095CD5B /* LaunchScreen.storyboard */,
				8F28F971264B73EB0095CD5B /* Info.plist */,
			);
			path = testCostSelectorController;
			sourceTree = "<group>";
		};
/* End PBXGroup section */

/* Begin PBXNativeTarget section */
		8F28F95F264B73E80095CD5B /* testCostSelectorController */ = {
			isa = PBXNativeTarget;
			buildConfigurationList = 8F28F974264B73EB0095CD5B /* Build configuration list for PBXNativeTarget "testCostSelectorController" */;
			buildPhases = (
				8F28F95C264B73E80095CD5B /* Sources */,
				8F28F95D264B73E80095CD5B /* Frameworks */,
				8F28F95E264B73E80095CD5B /* Resources */,
			);
			buildRules = (
			);
			dependencies = (
			);
			name = testCostSelectorController;
			productName = testCostSelectorController;
			productReference = 8F28F960264B73E80095CD5B /* testCostSelectorController.app */;
			productType = "com.apple.product-type.application";
		};
/* End PBXNativeTarget section */

/* Begin PBXProject section */
		8F28F958264B73E80095CD5B /* Project object */ = {
			isa = PBXProject;
			attributes = {
				LastSwiftUpdateCheck = 1240;
				LastUpgradeCheck = 1240;
				TargetAttributes = {
					8F28F95F264B73E80095CD5B = {
						CreatedOnToolsVersion = 12.4;
					};
				};
			};
			buildConfigurationList = 8F28F95B264B73E80095CD5B /* Build configuration list for PBXProject "testCostSelectorController" */;
			compatibilityVersion = "Xcode 9.3";
			developmentRegion = en;
			hasScannedForEncodings = 0;
			knownRegions = (
				en,
				Base,
			);
			mainGroup = 8F28F957264B73E80095CD5B;
			productRefGroup = 8F28F961264B73E80095CD5B /* Products */;
			projectDirPath = "";
			projectRoot = "";
			targets = (
				8F28F95F264B73E80095CD5B /* testCostSelectorController */,
			);
		};
/* End PBXProject section */

/* Begin PBXResourcesBuildPhase section */
		8F28F95E264B73E80095CD5B /* Resources */ = {
			isa = PBXResourcesBuildPhase;
			buildActionMask = 2147483647;
			files = (
				8F28F970264B73EB0095CD5B /* LaunchScreen.storyboard in Resources */,
				8F28F96D264B73EB0095CD5B /* Assets.xcassets in Resources */,
				8F28F96B264B73E80095CD5B /* Main.storyboard in Resources */,
			);
			runOnlyForDeploymentPostprocessing = 0;
		};
/* End PBXResourcesBuildPhase section */

/* Begin PBXSourcesBuildPhase section */
		8F28F95C264B73E80095CD5B /* Sources */ = {
			isa = PBXSourcesBuildPhase;
			buildActionMask = 2147483647;
			files = (
				8F28F979264B77DC0095CD5B /* RangeSlider.swift in Sources */,
				8F28F97C264B877F0095CD5B /* RangeSliderTrackLayer.swift in Sources */,
				8F28F968264B73E80095CD5B /* ViewController.swift in Sources */,
				8F28F964264B73E80095CD5B /* AppDelegate.swift in Sources */,
				8F28F966264B73E80095CD5B /* SceneDelegate.swift in Sources */,
			);
			runOnlyForDeploymentPostprocessing = 0;
		};
/* End PBXSourcesBuildPhase section */

/* Begin PBXVariantGroup section */
		8F28F969264B73E80095CD5B /* Main.storyboard */ = {
			isa = PBXVariantGroup;
			children = (
				8F28F96A264B73E80095CD5B /* Base */,
			);
			name = Main.storyboard;
			sourceTree = "<group>";
		};
		8F28F96E264B73EB0095CD5B /* LaunchScreen.storyboard */ = {
			isa = PBXVariantGroup;
			children = (
				8F28F96F264B73EB0095CD5B /* Base */,
			);
			name = LaunchScreen.storyboard;
			sourceTree = "<group>";
		};
/* End PBXVariantGroup section */

/* Begin XCBuildConfiguration section */
		8F28F972264B73EB0095CD5B /* Debug */ = {
			isa = XCBuildConfiguration;
			buildSettings = {
				ALWAYS_SEARCH_USER_PATHS = NO;
				CLANG_ANALYZER_NONNULL = YES;
				CLANG_ANALYZER_NUMBER_OBJECT_CONVERSION = YES_AGGRESSIVE;
				CLANG_CXX_LANGUAGE_STANDARD = "gnu++14";
				CLANG_CXX_LIBRARY = "libc++";
				CLANG_ENABLE_MODULES = YES;
				CLANG_ENABLE_OBJC_ARC = YES;
				CLANG_ENABLE_OBJC_WEAK = YES;
				CLANG_WARN_BLOCK_CAPTURE_AUTORELEASING = YES;
				CLANG_WARN_BOOL_CONVERSION = YES;
				CLANG_WARN_COMMA = YES;
				CLANG_WARN_CONSTANT_CONVERSION = YES;
				CLANG_WARN_DEPRECATED_OBJC_IMPLEMENTATIONS = YES;
				CLANG_WARN_DIRECT_OBJC_ISA_USAGE = YES_ERROR;
				CLANG_WARN_DOCUMENTATION_COMMENTS = YES;
				CLANG_WARN_EMPTY_BODY = YES;
				CLANG_WARN_ENUM_CONVERSION = YES;
				CLANG_WARN_INFINITE_RECURSION = YES;
				CLANG_WARN_INT_CONVERSION = YES;
				CLANG_WARN_NON_LITERAL_NULL_CONVERSION = YES;
				CLANG_WARN_OBJC_IMPLICIT_RETAIN_SELF = YES;
				CLANG_WARN_OBJC_LITERAL_CONVERSION = YES;
				CLANG_WARN_OBJC_ROOT_CLASS = YES_ERROR;
				CLANG_WARN_QUOTED_INCLUDE_IN_FRAMEWORK_HEADER = YES;
				CLANG_WARN_RANGE_LOOP_ANALYSIS = YES;
				CLANG_WARN_STRICT_PROTOTYPES = YES;
				CLANG_WARN_SUSPICIOUS_MOVE = YES;
				CLANG_WARN_UNGUARDED_AVAILABILITY = YES_AGGRESSIVE;
				CLANG_WARN_UNREACHABLE_CODE = YES;
				CLANG_WARN__DUPLICATE_METHOD_MATCH = YES;
				COPY_PHASE_STRIP = NO;
				DEBUG_INFORMATION_FORMAT = dwarf;
				ENABLE_STRICT_OBJC_MSGSEND = YES;
				ENABLE_TESTABILITY = YES;
				GCC_C_LANGUAGE_STANDARD = gnu11;
				GCC_DYNAMIC_NO_PIC = NO;
				GCC_NO_COMMON_BLOCKS = YES;
				GCC_OPTIMIZATION_LEVEL = 0;
				GCC_PREPROCESSOR_DEFINITIONS = (
					"DEBUG=1",
					"$(inherited)",
				);
				GCC_WARN_64_TO_32_BIT_CONVERSION = YES;
				GCC_WARN_ABOUT_RETURN_TYPE = YES_ERROR;
				GCC_WARN_UNDECLARED_SELECTOR = YES;
				GCC_WARN_UNINITIALIZED_AUTOS = YES_AGGRESSIVE;
				GCC_WARN_UNUSED_FUNCTION = YES;
				GCC_WARN_UNUSED_VARIABLE = YES;
				IPHONEOS_DEPLOYMENT_TARGET = 14.4;
				MTL_ENABLE_DEBUG_INFO = INCLUDE_SOURCE;
				MTL_FAST_MATH = YES;
				ONLY_ACTIVE_ARCH = YES;
				SDKROOT = iphoneos;
				SWIFT_ACTIVE_COMPILATION_CONDITIONS = DEBUG;
				SWIFT_OPTIMIZATION_LEVEL = "-Onone";
			};
			name = Debug;
		};
		8F28F973264B73EB0095CD5B /* Release */ = {
			isa = XCBuildConfiguration;
			buildSettings = {
				ALWAYS_SEARCH_USER_PATHS = NO;
				CLANG_ANALYZER_NONNULL = YES;
				CLANG_ANALYZER_NUMBER_OBJECT_CONVERSION = YES_AGGRESSIVE;
				CLANG_CXX_LANGUAGE_STANDARD = "gnu++14";
				CLANG_CXX_LIBRARY = "libc++";
				CLANG_ENABLE_MODULES = YES;
				CLANG_ENABLE_OBJC_ARC = YES;
				CLANG_ENABLE_OBJC_WEAK = YES;
				CLANG_WARN_BLOCK_CAPTURE_AUTORELEASING = YES;
				CLANG_WARN_BOOL_CONVERSION = YES;
				CLANG_WARN_COMMA = YES;
				CLANG_WARN_CONSTANT_CONVERSION = YES;
				CLANG_WARN_DEPRECATED_OBJC_IMPLEMENTATIONS = YES;
				CLANG_WARN_DIRECT_OBJC_ISA_USAGE = YES_ERROR;
				CLANG_WARN_DOCUMENTATION_COMMENTS = YES;
				CLANG_WARN_EMPTY_BODY = YES;
				CLANG_WARN_ENUM_CONVERSION = YES;
				CLANG_WARN_INFINITE_RECURSION = YES;
				CLANG_WARN_INT_CONVERSION = YES;
				CLANG_WARN_NON_LITERAL_NULL_CONVERSION = YES;
				CLANG_WARN_OBJC_IMPLICIT_RETAIN_SELF = YES;
				CLANG_WARN_OBJC_LITERAL_CONVERSION = YES;
				CLANG_WARN_OBJC_ROOT_CLASS = YES_ERROR;
				CLANG_WARN_QUOTED_INCLUDE_IN_FRAMEWORK_HEADER = YES;
				CLANG_WARN_RANGE_LOOP_ANALYSIS = YES;
				CLANG_WARN_STRICT_PROTOTYPES = YES;
				CLANG_WARN_SUSPICIOUS_MOVE = YES;
				CLANG_WARN_UNGUARDED_AVAILABILITY = YES_AGGRESSIVE;
				CLANG_WARN_UNREACHABLE_CODE = YES;
				CLANG_WARN__DUPLICATE_METHOD_MATCH = YES;
				COPY_PHASE_STRIP = NO;
				DEBUG_INFORMATION_FORMAT = "dwarf-with-dsym";
				ENABLE_NS_ASSERTIONS = NO;
				ENABLE_STRICT_OBJC_MSGSEND = YES;
				GCC_C_LANGUAGE_STANDARD = gnu11;
				GCC_NO_COMMON_BLOCKS = YES;
				GCC_WARN_64_TO_32_BIT_CONVERSION = YES;
				GCC_WARN_ABOUT_RETURN_TYPE = YES_ERROR;
				GCC_WARN_UNDECLARED_SELECTOR = YES;
				GCC_WARN_UNINITIALIZED_AUTOS = YES_AGGRESSIVE;
				GCC_WARN_UNUSED_FUNCTION = YES;
				GCC_WARN_UNUSED_VARIABLE = YES;
				IPHONEOS_DEPLOYMENT_TARGET = 14.4;
				MTL_ENABLE_DEBUG_INFO = NO;
				MTL_FAST_MATH = YES;
				SDKROOT = iphoneos;
				SWIFT_COMPILATION_MODE = wholemodule;
				SWIFT_OPTIMIZATION_LEVEL = "-O";
				VALIDATE_PRODUCT = YES;
			};
			name = Release;
		};
		8F28F975264B73EB0095CD5B /* Debug */ = {
			isa = XCBuildConfiguration;
			buildSettings = {
				ASSETCATALOG_COMPILER_APPICON_NAME = AppIcon;
				ASSETCATALOG_COMPILER_GLOBAL_ACCENT_COLOR_NAME = AccentColor;
				CODE_SIGN_STYLE = Automatic;
				DEVELOPMENT_TEAM = F7VPDNN42Y;
				INFOPLIST_FILE = testCostSelectorController/Info.plist;
				LD_RUNPATH_SEARCH_PATHS = (
					"$(inherited)",
					"@executable_path/Frameworks",
				);
				PRODUCT_BUNDLE_IDENTIFIER = MoRSStudio.testCostSelectorController;
				PRODUCT_NAME = "$(TARGET_NAME)";
				SWIFT_VERSION = 5.0;
				TARGETED_DEVICE_FAMILY = "1,2";
			};
			name = Debug;
		};
		8F28F976264B73EB0095CD5B /* Release */ = {
			isa = XCBuildConfiguration;
			buildSettings = {
				ASSETCATALOG_COMPILER_APPICON_NAME = AppIcon;
				ASSETCATALOG_COMPILER_GLOBAL_ACCENT_COLOR_NAME = AccentColor;
				CODE_SIGN_STYLE = Automatic;
				DEVELOPMENT_TEAM = F7VPDNN42Y;
				INFOPLIST_FILE = testCostSelectorController/Info.plist;
				LD_RUNPATH_SEARCH_PATHS = (
					"$(inherited)",
					"@executable_path/Frameworks",
				);
				PRODUCT_BUNDLE_IDENTIFIER = MoRSStudio.testCostSelectorController;
				PRODUCT_NAME = "$(TARGET_NAME)";
				SWIFT_VERSION = 5.0;
				TARGETED_DEVICE_FAMILY = "1,2";
			};
			name = Release;
		};
/* End XCBuildConfiguration section */

/* Begin XCConfigurationList section */
		8F28F95B264B73E80095CD5B /* Build configuration list for PBXProject "testCostSelectorController" */ = {
			isa = XCConfigurationList;
			buildConfigurations = (
				8F28F972264B73EB0095CD5B /* Debug */,
				8F28F973264B73EB0095CD5B /* Release */,
			);
			defaultConfigurationIsVisible = 0;
			defaultConfigurationName = Release;
		};
		8F28F974264B73EB0095CD5B /* Build configuration list for PBXNativeTarget "testCostSelectorController" */ = {
			isa = XCConfigurationList;
			buildConfigurations = (
				8F28F975264B73EB0095CD5B /* Debug */,
				8F28F976264B73EB0095CD5B /* Release */,
			);
			defaultConfigurationIsVisible = 0;
			defaultConfigurationName = Release;
		};
/* End XCConfigurationList section */
	};
	rootObject = 8F28F958264B73E80095CD5B /* Project object */;
}
